<?xml version="1.0" encoding="utf-8"?>
<Project ToolsVersion="4.0" xmlns="http://schemas.microsoft.com/developer/msbuild/2003">
  <ItemGroup>
    <Filter Include="源文件">
      <UniqueIdentifier>{4FC737F1-C7A5-4376-A066-2A32D752A2FF}</UniqueIdentifier>
      <Extensions>cpp;c;cc;cxx;c++;cppm;ixx;def;odl;idl;hpj;bat;asm;asmx</Extensions>
    </Filter>
    <Filter Include="头文件">
      <UniqueIdentifier>{93995380-89BD-4b04-88EB-625FBE52EBFB}</UniqueIdentifier>
      <Extensions>h;hh;hpp;hxx;h++;hm;inl;inc;ipp;xsd</Extensions>
    </Filter>
    <Filter Include="资源文件">
      <UniqueIdentifier>{67DA6AB6-F800-4c08-8B7A-83BB121AAD01}</UniqueIdentifier>
      <Extensions>rc;ico;cur;bmp;dlg;rc2;rct;bin;rgs;gif;jpg;jpeg;jpe;resx;tiff;tif;png;wav;mfcribbon-ms</Extensions>
    </Filter>
    <Filter Include="头文件\core/math">
      <UniqueIdentifier>{97c7af21-2467-4f16-b265-1c0993c33d30}</UniqueIdentifier>
    </Filter>
    <Filter Include="头文件\core/Rasterizer">
      <UniqueIdentifier>{d87f5a72-592b-4d2e-b81c-6296dcc69b50}</UniqueIdentifier>
    </Filter>
    <Filter Include="头文件\core/Raytracing">
      <UniqueIdentifier>{3a36a571-d5aa-467b-a71c-454109817d03}</UniqueIdentifier>
    </Filter>
    <Filter Include="头文件\core/Raytracing\objects">
      <UniqueIdentifier>{314a55bb-3958-4a89-933e-7974db92188b}</UniqueIdentifier>
    </Filter>
    <Filter Include="头文件\material">
      <UniqueIdentifier>{6d97937f-26e1-441c-bdb6-0533ea029556}</UniqueIdentifier>
    </Filter>
    <Filter Include="头文件\material\materials">
      <UniqueIdentifier>{20e7910c-517d-44b9-9cd8-ce832dce677b}</UniqueIdentifier>
    </Filter>
    <Filter Include="头文件\spectrum">
      <UniqueIdentifier>{6c8a0343-30f4-423b-a892-a5cd8d6ce7e8}</UniqueIdentifier>
    </Filter>
    <Filter Include="头文件\Path Tracing">
      <UniqueIdentifier>{c64db0e2-f1af-477c-9e23-9dd8d88b6a9c}</UniqueIdentifier>
    </Filter>
    <Filter Include="头文件\Sampler">
      <UniqueIdentifier>{0becd960-21f7-4c29-8f29-b38fbe5a2ae2}</UniqueIdentifier>
    </Filter>
    <Filter Include="头文件\Light">
      <UniqueIdentifier>{7d837ce1-f0dc-4cdf-a9dc-4414a0d61a04}</UniqueIdentifier>
    </Filter>
    <Filter Include="头文件\Path Tracing\ReflectionModel">
      <UniqueIdentifier>{d3f001e6-0e86-4c09-a26c-c84bcf9dccc9}</UniqueIdentifier>
    </Filter>
    <Filter Include="头文件\Path Tracing\ReflectionModel\Fresnel">
      <UniqueIdentifier>{dc0c9b6c-1e4f-441f-b41b-9b0a8fc8e42e}</UniqueIdentifier>
    </Filter>
    <Filter Include="头文件\Path Tracing\ReflectionModel\Specular">
      <UniqueIdentifier>{0704eec5-6ffb-420a-9734-fa621f81ec1c}</UniqueIdentifier>
    </Filter>
    <Filter Include="头文件\Path Tracing\ReflectionModel\Diffuse">
      <UniqueIdentifier>{694d1b9c-feaf-4278-b0fd-4dca5d255e16}</UniqueIdentifier>
    </Filter>
    <Filter Include="头文件\Path Tracing\ReflectionModel\Conductor">
      <UniqueIdentifier>{b9e8f999-6079-496b-973d-9e66f955c470}</UniqueIdentifier>
    </Filter>
    <Filter Include="头文件\Path Tracing\ReflectionModel\Dielectric">
      <UniqueIdentifier>{d38db91d-1b24-424e-81f6-25d056f63b41}</UniqueIdentifier>
    </Filter>
  </ItemGroup>
  <ItemGroup>
    <ClInclude Include="Vector3f.h">
      <Filter>头文件\core/math</Filter>
    </ClInclude>
    <ClInclude Include="Vector4f.h">
      <Filter>头文件\core/math</Filter>
    </ClInclude>
    <ClInclude Include="Matrix4f.h">
      <Filter>头文件\core/math</Filter>
    </ClInclude>
    <ClInclude Include="load_obj.h">
      <Filter>头文件\core/math</Filter>
    </ClInclude>
    <ClInclude Include="resource.h">
      <Filter>头文件</Filter>
    </ClInclude>
    <ClInclude Include="Rasterizer.h">
      <Filter>头文件\core/Rasterizer</Filter>
    </ClInclude>
    <ClInclude Include="camera.h">
      <Filter>头文件\core/Raytracing</Filter>
    </ClInclude>
    <ClInclude Include="HitRocord.h">
      <Filter>头文件\core/Raytracing</Filter>
    </ClInclude>
    <ClInclude Include="Hittable.h">
      <Filter>头文件\core/Raytracing</Filter>
    </ClInclude>
    <ClInclude Include="Ray.h">
      <Filter>头文件\core/Raytracing</Filter>
    </ClInclude>
    <ClInclude Include="HittableList.h">
      <Filter>头文件\core/Raytracing</Filter>
    </ClInclude>
    <ClInclude Include="Sphere.h">
      <Filter>头文件\core/Raytracing\objects</Filter>
    </ClInclude>
    <ClInclude Include="Triangle.h">
      <Filter>头文件\core/Raytracing\objects</Filter>
    </ClInclude>
    <ClInclude Include="material.h">
      <Filter>头文件\material</Filter>
    </ClInclude>
    <ClInclude Include="Texture.h">
      <Filter>头文件\material</Filter>
    </ClInclude>
    <ClInclude Include="ImageTexture.h">
      <Filter>头文件\material</Filter>
    </ClInclude>
    <ClInclude Include="stb_image.h">
      <Filter>头文件\material</Filter>
    </ClInclude>
    <ClInclude Include="Lambertian.h">
      <Filter>头文件\material\materials</Filter>
    </ClInclude>
    <ClInclude Include="CoefficientSpectrum.h">
      <Filter>头文件\spectrum</Filter>
    </ClInclude>
    <ClInclude Include="SampledSpectrum.h">
      <Filter>头文件\spectrum</Filter>
    </ClInclude>
    <ClInclude Include="RGBSpectrum.h">
      <Filter>头文件\spectrum</Filter>
    </ClInclude>
    <ClInclude Include="BRDFUtils.h">
      <Filter>头文件\Path Tracing\ReflectionModel</Filter>
    </ClInclude>
    <ClInclude Include="BxDF.h">
      <Filter>头文件\Path Tracing\ReflectionModel</Filter>
    </ClInclude>
    <ClInclude Include="Point2f.h">
      <Filter>头文件\core/math</Filter>
    </ClInclude>
    <ClInclude Include="ScaledBxDF.h">
      <Filter>头文件\Path Tracing\ReflectionModel</Filter>
    </ClInclude>
    <ClInclude Include="Fresnel.h">
      <Filter>头文件\Path Tracing\ReflectionModel\Fresnel</Filter>
    </ClInclude>
    <ClInclude Include="FresnelDielectric.h">
      <Filter>头文件\Path Tracing\ReflectionModel\Fresnel</Filter>
    </ClInclude>
    <ClInclude Include="FresnelNoOp.h">
      <Filter>头文件\Path Tracing\ReflectionModel\Fresnel</Filter>
    </ClInclude>
    <ClInclude Include="SpecularReflection.h">
      <Filter>头文件\Path Tracing\ReflectionModel\Specular</Filter>
    </ClInclude>
    <ClInclude Include="SpecularTransmission.h">
      <Filter>头文件\Path Tracing\ReflectionModel\Specular</Filter>
    </ClInclude>
    <ClInclude Include="BSDF.h">
      <Filter>头文件\Path Tracing\ReflectionModel</Filter>
    </ClInclude>
    <ClInclude Include="DiffuseBxDF.h">
      <Filter>头文件</Filter>
    </ClInclude>
    <ClInclude Include="ConductorBxDF.h">
      <Filter>头文件\Path Tracing\ReflectionModel\Conductor</Filter>
    </ClInclude>
    <ClInclude Include="TrowbridgeReitzDistribution.h">
      <Filter>头文件\Path Tracing\ReflectionModel</Filter>
    </ClInclude>
    <ClInclude Include="DielectricBxDF.h">
      <Filter>头文件\Path Tracing\ReflectionModel\Dielectric</Filter>
    </ClInclude>
    <ClInclude Include="DiffuseMaterial.h">
      <Filter>头文件\material\materials</Filter>
    </ClInclude>
    <ClInclude Include="DielectricMaterial.h">
      <Filter>头文件\material\materials</Filter>
    </ClInclude>
    <ClInclude Include="MixMaterial.h">
      <Filter>头文件\material\materials</Filter>
    </ClInclude>
    <ClInclude Include="HashUtils.h">
      <Filter>头文件\core/math</Filter>
    </ClInclude>
    <ClInclude Include="ThinDielectricBxDF.h">
      <Filter>头文件\Path Tracing\ReflectionModel</Filter>
    </ClInclude>
    <ClInclude Include="SimplePathIntegrator.h">
      <Filter>头文件\Path Tracing</Filter>
    </ClInclude>
    <ClInclude Include="Sampler.h">
      <Filter>头文件\Sampler</Filter>
    </ClInclude>
    <ClInclude Include="Integrator.h">
      <Filter>头文件\Path Tracing</Filter>
    </ClInclude>
    <ClInclude Include="UniformLightSampler.h">
      <Filter>头文件\Light</Filter>
    </ClInclude>
    <ClInclude Include="IndependentSampler.h">
      <Filter>头文件</Filter>
    </ClInclude>
    <ClInclude Include="Light.h">
      <Filter>头文件\Light</Filter>
    </ClInclude>
    <ClInclude Include="PointLight.h">
      <Filter>头文件\Light</Filter>
    </ClInclude>
    <ClInclude Include="DistantLight.h">
      <Filter>头文件\Light</Filter>
    </ClInclude>
    <ClInclude Include="UniformInfiniteLight.h">
      <Filter>头文件\Light</Filter>
    </ClInclude>
  </ItemGroup>
  <ItemGroup>
    <ClCompile Include="Vector3f.cpp">
      <Filter>源文件</Filter>
    </ClCompile>
    <ClCompile Include="Vector4f.cpp">
      <Filter>源文件</Filter>
    </ClCompile>
    <ClCompile Include="Matrix4f.cpp">
      <Filter>源文件</Filter>
    </ClCompile>
    <ClCompile Include="Rasterizer.cpp">
      <Filter>源文件</Filter>
    </ClCompile>
    <ClCompile Include="main.cpp">
      <Filter>源文件</Filter>
    </ClCompile>
    <ClCompile Include="load_obj.cpp">
      <Filter>源文件</Filter>
    </ClCompile>
    <ClCompile Include="VertexShader.cpp">
      <Filter>源文件</Filter>
    </ClCompile>
    <ClCompile Include="Ray.cpp">
      <Filter>源文件</Filter>
    </ClCompile>
    <ClCompile Include="HitRocord.cpp">
      <Filter>源文件</Filter>
    </ClCompile>
    <ClCompile Include="camera.cpp">
      <Filter>源文件</Filter>
    </ClCompile>
    <ClCompile Include="HittableList.cpp">
      <Filter>源文件</Filter>
    </ClCompile>
    <ClCompile Include="Sphere.cpp">
      <Filter>源文件</Filter>
    </ClCompile>
    <ClCompile Include="Triangle.cpp">
      <Filter>源文件</Filter>
    </ClCompile>
    <ClCompile Include="material.cpp">
      <Filter>源文件</Filter>
    </ClCompile>
    <ClCompile Include="Texture.cpp">
      <Filter>源文件</Filter>
    </ClCompile>
    <ClCompile Include="ImageTexture.cpp">
      <Filter>源文件</Filter>
    </ClCompile>
    <ClCompile Include="Lambertian.cpp">
      <Filter>源文件</Filter>
    </ClCompile>
    <ClCompile Include="CoefficientSpectrum.cpp">
      <Filter>源文件</Filter>
    </ClCompile>
    <ClCompile Include="SampledSpectrum.cpp">
      <Filter>源文件</Filter>
    </ClCompile>
    <ClCompile Include="RGBSpectrum.cpp">
      <Filter>源文件</Filter>
    </ClCompile>
    <ClCompile Include="BRDFUtils.cpp">
      <Filter>源文件</Filter>
    </ClCompile>
    <ClCompile Include="Point2f.cpp">
      <Filter>源文件</Filter>
    </ClCompile>
    <ClCompile Include="Fresnel.cpp">
      <Filter>源文件</Filter>
    </ClCompile>
    <ClCompile Include="FresnelDielectric.cpp">
      <Filter>源文件</Filter>
    </ClCompile>
    <ClCompile Include="FresnelNoOp.cpp">
      <Filter>源文件</Filter>
    </ClCompile>
    <ClCompile Include="SpecularTransmission.cpp">
      <Filter>源文件</Filter>
    </ClCompile>
    <ClCompile Include="BxDF.cpp">
      <Filter>头文件\Path Tracing\ReflectionModel</Filter>
    </ClCompile>
    <ClCompile Include="BSDF.cpp">
      <Filter>头文件\Path Tracing\ReflectionModel</Filter>
    </ClCompile>
    <ClCompile Include="DiffuseBxDF.cpp">
      <Filter>源文件</Filter>
    </ClCompile>
    <ClCompile Include="ConductorBxDF.cpp">
      <Filter>源文件</Filter>
    </ClCompile>
    <ClCompile Include="DielectricBxDF.cpp">
      <Filter>源文件</Filter>
    </ClCompile>
    <ClCompile Include="ThinDielectricBxDF.cpp">
      <Filter>源文件</Filter>
    </ClCompile>
  </ItemGroup>
  <ItemGroup>
    <ResourceCompile Include="OceanRenderEngine.rc">
      <Filter>资源文件</Filter>
    </ResourceCompile>
  </ItemGroup>
</Project>